
Microsoft Visual Studio Solution File, Format Version 12.00
# Visual Studio Version 17
VisualStudioVersion = 17.0.31903.59
MinimumVisualStudioVersion = 10.0.40219.1
Project("{FAE04EC0-301F-11D3-BF4B-00C04F79EFBC}") = "QuadraticSolver", "QuadraticSolver\QuadraticSolver.csproj", "{10ACB8FE-B829-4894-9213-9A4CB6B0A210}"
EndProject
Project("{FAE04EC0-301F-11D3-BF4B-00C04F79EFBC}") = "QuadraticSolver.Tests", "QuadraticSolver.Tests\QuadraticSolver.Tests.csproj", "{46310AAD-DFAC-416C-900F-AC992F4FE241}"
EndProject
Global
	GlobalSection(SolutionConfigurationPlatforms) = preSolution
		Debug|Any CPU = Debug|Any CPU
		Release|Any CPU = Release|Any CPU
	EndGlobalSection
	GlobalSection(SolutionProperties) = preSolution
		HideSolutionNode = FALSE
	EndGlobalSection
	GlobalSection(ProjectConfigurationPlatforms) = postSolution
		{10ACB8FE-B829-4894-9213-9A4CB6B0A210}.Debug|Any CPU.ActiveCfg = Debug|Any CPU
		{10ACB8FE-B829-4894-9213-9A4CB6B0A210}.Debug|Any CPU.Build.0 = Debug|Any CPU
		{10ACB8FE-B829-4894-9213-9A4CB6B0A210}.Release|Any CPU.ActiveCfg = Release|Any CPU
		{10ACB8FE-B829-4894-9213-9A4CB6B0A210}.Release|Any CPU.Build.0 = Release|Any CPU
		{46310AAD-DFAC-416C-900F-AC992F4FE241}.Debug|Any CPU.ActiveCfg = Debug|Any CPU
		{46310AAD-DFAC-416C-900F-AC992F4FE241}.Debug|Any CPU.Build.0 = Debug|Any CPU
		{46310AAD-DFAC-416C-900F-AC992F4FE241}.Release|Any CPU.ActiveCfg = Release|Any CPU
		{46310AAD-DFAC-416C-900F-AC992F4FE241}.Release|Any CPU.Build.0 = Release|Any CPU
	EndGlobalSection
EndGlobal
